
Microsoft Visual Studio Solution File, Format Version 12.00
# Visual Studio Version 17
VisualStudioVersion = 17.1.32228.430
MinimumVisualStudioVersion = 10.0.40219.1
Project("{FAE04EC0-301F-11D3-BF4B-00C04F79EFBC}") = "Assignment07", "Assignment07\Assignment07.csproj", "{38F7532A-9307-4EA7-B130-C0483B445DE3}"
EndProject
Global
	GlobalSection(SolutionConfigurationPlatforms) = preSolution
		Debug|Any CPU = Debug|Any CPU
		Release|Any CPU = Release|Any CPU
	EndGlobalSection
	GlobalSection(ProjectConfigurationPlatforms) = postSolution
		{38F7532A-9307-4EA7-B130-C0483B445DE3}.Debug|Any CPU.ActiveCfg = Debug|Any CPU
		{38F7532A-9307-4EA7-B130-C0483B445DE3}.Debug|Any CPU.Build.0 = Debug|Any CPU
		{38F7532A-9307-4EA7-B130-C0483B445DE3}.Release|Any CPU.ActiveCfg = Release|Any CPU
		{38F7532A-9307-4EA7-B130-C0483B445DE3}.Release|Any CPU.Build.0 = Release|Any CPU
	EndGlobalSection
	GlobalSection(SolutionProperties) = preSolution
		HideSolutionNode = FALSE
	EndGlobalSection
	GlobalSection(ExtensibilityGlobals) = postSolution
		SolutionGuid = {A45BFBE8-07F9-49FC-B102-EA03049514D5}
	EndGlobalSection
EndGlobal
