
Microsoft Visual Studio Solution File, Format Version 12.00
# Visual Studio Version 16
VisualStudioVersion = 16.0.32413.511
MinimumVisualStudioVersion = 10.0.40219.1
Project("{FAE04EC0-301F-11D3-BF4B-00C04F79EFBC}") = "JsAssignment01", "JsAssignment01\JsAssignment01.csproj", "{104BCAFA-1F9A-4100-BFCB-2CF2C403EC34}"
EndProject
Global
	GlobalSection(SolutionConfigurationPlatforms) = preSolution
		Debug|Any CPU = Debug|Any CPU
		Release|Any CPU = Release|Any CPU
	EndGlobalSection
	GlobalSection(ProjectConfigurationPlatforms) = postSolution
		{104BCAFA-1F9A-4100-BFCB-2CF2C403EC34}.Debug|Any CPU.ActiveCfg = Debug|Any CPU
		{104BCAFA-1F9A-4100-BFCB-2CF2C403EC34}.Debug|Any CPU.Build.0 = Debug|Any CPU
		{104BCAFA-1F9A-4100-BFCB-2CF2C403EC34}.Release|Any CPU.ActiveCfg = Release|Any CPU
		{104BCAFA-1F9A-4100-BFCB-2CF2C403EC34}.Release|Any CPU.Build.0 = Release|Any CPU
	EndGlobalSection
	GlobalSection(SolutionProperties) = preSolution
		HideSolutionNode = FALSE
	EndGlobalSection
	GlobalSection(ExtensibilityGlobals) = postSolution
		SolutionGuid = {A2578BE8-BA41-497F-9F23-58835EB7FFFE}
	EndGlobalSection
EndGlobal
